// !$*UTF8*$!
{
	archiveVersion = 1;
	classes = {
	};
	objectVersion = 46;
	objects = {

/* Begin PBXBuildFile section */
		004C09CA1D1CC87800022733 /* AppDelegate.swift in Sources */ = {isa = PBXBuildFile; fileRef = 004C09C91D1CC87800022733 /* AppDelegate.swift */; };
		004C09CC1D1CC87800022733 /* ViewController.swift in Sources */ = {isa = PBXBuildFile; fileRef = 004C09CB1D1CC87800022733 /* ViewController.swift */; };
		004C09CF1D1CC87800022733 /* Main.storyboard in Resources */ = {isa = PBXBuildFile; fileRef = 004C09CD1D1CC87800022733 /* Main.storyboard */; };
		004C09D11D1CC87800022733 /* Assets.xcassets in Resources */ = {isa = PBXBuildFile; fileRef = 004C09D01D1CC87800022733 /* Assets.xcassets */; };
		004C09D41D1CC87800022733 /* LaunchScreen.storyboard in Resources */ = {isa = PBXBuildFile; fileRef = 004C09D21D1CC87800022733 /* LaunchScreen.storyboard */; };
		004C09DF1D1CC87800022733 /* MomentTests.swift in Sources */ = {isa = PBXBuildFile; fileRef = 004C09DE1D1CC87800022733 /* MomentTests.swift */; };
		004C09EA1D1CC87800022733 /* MomentUITests.swift in Sources */ = {isa = PBXBuildFile; fileRef = 004C09E91D1CC87800022733 /* MomentUITests.swift */; };
		A7C9E8D8508687E225532972 /* Pods_MomentTests.framework in Frameworks */ = {isa = PBXBuildFile; fileRef = 85889EC2E109986AB4E91724 /* Pods_MomentTests.framework */; };
		D8F1F1CF69E120202213FBC0 /* Pods_MomentUITests.framework in Frameworks */ = {isa = PBXBuildFile; fileRef = 593C41E96E188844C95AC312 /* Pods_MomentUITests.framework */; };
		DF7421D5ECA2A87850A00987 /* Pods_Moment.framework in Frameworks */ = {isa = PBXBuildFile; fileRef = A84A54047695A3EE3C59092C /* Pods_Moment.framework */; };
/* End PBXBuildFile section */

/* Begin PBXContainerItemProxy section */
		004C09DB1D1CC87800022733 /* PBXContainerItemProxy */ = {
			isa = PBXContainerItemProxy;
			containerPortal = 004C09BE1D1CC87800022733 /* Project object */;
			proxyType = 1;
			remoteGlobalIDString = 004C09C51D1CC87800022733;
			remoteInfo = Moment;
		};
		004C09E61D1CC87800022733 /* PBXContainerItemProxy */ = {
			isa = PBXContainerItemProxy;
			containerPortal = 004C09BE1D1CC87800022733 /* Project object */;
			proxyType = 1;
			remoteGlobalIDString = 004C09C51D1CC87800022733;
			remoteInfo = Moment;
		};
/* End PBXContainerItemProxy section */

/* Begin PBXFileReference section */
		004C09C61D1CC87800022733 /* Moment.app */ = {isa = PBXFileReference; explicitFileType = wrapper.application; includeInIndex = 0; path = Moment.app; sourceTree = BUILT_PRODUCTS_DIR; };
		004C09C91D1CC87800022733 /* AppDelegate.swift */ = {isa = PBXFileReference; lastKnownFileType = sourcecode.swift; path = AppDelegate.swift; sourceTree = "<group>"; };
		004C09CB1D1CC87800022733 /* ViewController.swift */ = {isa = PBXFileReference; lastKnownFileType = sourcecode.swift; path = ViewController.swift; sourceTree = "<group>"; };
		004C09CE1D1CC87800022733 /* Base */ = {isa = PBXFileReference; lastKnownFileType = file.storyboard; name = Base; path = Base.lproj/Main.storyboard; sourceTree = "<group>"; };
		004C09D01D1CC87800022733 /* Assets.xcassets */ = {isa = PBXFileReference; lastKnownFileType = folder.assetcatalog; path = Assets.xcassets; sourceTree = "<group>"; };
		004C09D31D1CC87800022733 /* Base */ = {isa = PBXFileReference; lastKnownFileType = file.storyboard; name = Base; path = Base.lproj/LaunchScreen.storyboard; sourceTree = "<group>"; };
		004C09D51D1CC87800022733 /* Info.plist */ = {isa = PBXFileReference; lastKnownFileType = text.plist.xml; path = Info.plist; sourceTree = "<group>"; };
		004C09DA1D1CC87800022733 /* MomentTests.xctest */ = {isa = PBXFileReference; explicitFileType = wrapper.cfbundle; includeInIndex = 0; path = MomentTests.xctest; sourceTree = BUILT_PRODUCTS_DIR; };
		004C09DE1D1CC87800022733 /* MomentTests.swift */ = {isa = PBXFileReference; lastKnownFileType = sourcecode.swift; path = MomentTests.swift; sourceTree = "<group>"; };
		004C09E01D1CC87800022733 /* Info.plist */ = {isa = PBXFileReference; lastKnownFileType = text.plist.xml; path = Info.plist; sourceTree = "<group>"; };
		004C09E51D1CC87800022733 /* MomentUITests.xctest */ = {isa = PBXFileReference; explicitFileType = wrapper.cfbundle; includeInIndex = 0; path = MomentUITests.xctest; sourceTree = BUILT_PRODUCTS_DIR; };
		004C09E91D1CC87800022733 /* MomentUITests.swift */ = {isa = PBXFileReference; lastKnownFileType = sourcecode.swift; path = MomentUITests.swift; sourceTree = "<group>"; };
		004C09EB1D1CC87800022733 /* Info.plist */ = {isa = PBXFileReference; lastKnownFileType = text.plist.xml; path = Info.plist; sourceTree = "<group>"; };
		463E4473DCBF6CB2AC575242 /* Pods-MomentTests.release.xcconfig */ = {isa = PBXFileReference; includeInIndex = 1; lastKnownFileType = text.xcconfig; name = "Pods-MomentTests.release.xcconfig"; path = "Pods/Target Support Files/Pods-MomentTests/Pods-MomentTests.release.xcconfig"; sourceTree = "<group>"; };
		49E28C7C6B45DEAF5CC39669 /* Pods-Moment.debug.xcconfig */ = {isa = PBXFileReference; includeInIndex = 1; lastKnownFileType = text.xcconfig; name = "Pods-Moment.debug.xcconfig"; path = "Pods/Target Support Files/Pods-Moment/Pods-Moment.debug.xcconfig"; sourceTree = "<group>"; };
		593C41E96E188844C95AC312 /* Pods_MomentUITests.framework */ = {isa = PBXFileReference; explicitFileType = wrapper.framework; includeInIndex = 0; path = Pods_MomentUITests.framework; sourceTree = BUILT_PRODUCTS_DIR; };
		672371DF5654C4F3691F3FA1 /* Pods-MomentTests.debug.xcconfig */ = {isa = PBXFileReference; includeInIndex = 1; lastKnownFileType = text.xcconfig; name = "Pods-MomentTests.debug.xcconfig"; path = "Pods/Target Support Files/Pods-MomentTests/Pods-MomentTests.debug.xcconfig"; sourceTree = "<group>"; };
		85889EC2E109986AB4E91724 /* Pods_MomentTests.framework */ = {isa = PBXFileReference; explicitFileType = wrapper.framework; includeInIndex = 0; path = Pods_MomentTests.framework; sourceTree = BUILT_PRODUCTS_DIR; };
		89AE1A8AF918EE2FD6B9D886 /* Pods-MomentUITests.debug.xcconfig */ = {isa = PBXFileReference; includeInIndex = 1; lastKnownFileType = text.xcconfig; name = "Pods-MomentUITests.debug.xcconfig"; path = "Pods/Target Support Files/Pods-MomentUITests/Pods-MomentUITests.debug.xcconfig"; sourceTree = "<group>"; };
		A84A54047695A3EE3C59092C /* Pods_Moment.framework */ = {isa = PBXFileReference; explicitFileType = wrapper.framework; includeInIndex = 0; path = Pods_Moment.framework; sourceTree = BUILT_PRODUCTS_DIR; };
		B085EFA210EC61402D448317 /* Pods-MomentUITests.release.xcconfig */ = {isa = PBXFileReference; includeInIndex = 1; lastKnownFileType = text.xcconfig; name = "Pods-MomentUITests.release.xcconfig"; path = "Pods/Target Support Files/Pods-MomentUITests/Pods-MomentUITests.release.xcconfig"; sourceTree = "<group>"; };
		D4982578AB97FA5BB90E7E28 /* Pods-Moment.release.xcconfig */ = {isa = PBXFileReference; includeInIndex = 1; lastKnownFileType = text.xcconfig; name = "Pods-Moment.release.xcconfig"; path = "Pods/Target Support Files/Pods-Moment/Pods-Moment.release.xcconfig"; sourceTree = "<group>"; };
/* End PBXFileReference section */

/* Begin PBXFrameworksBuildPhase section */
		004C09C31D1CC87800022733 /* Frameworks */ = {
			isa = PBXFrameworksBuildPhase;
			buildActionMask = 2147483647;
			files = (
				DF7421D5ECA2A87850A00987 /* Pods_Moment.framework in Frameworks */,
			);
			runOnlyForDeploymentPostprocessing = 0;
		};
		004C09D71D1CC87800022733 /* Frameworks */ = {
			isa = PBXFrameworksBuildPhase;
			buildActionMask = 2147483647;
			files = (
				A7C9E8D8508687E225532972 /* Pods_MomentTests.framework in Frameworks */,
			);
			runOnlyForDeploymentPostprocessing = 0;
		};
		004C09E21D1CC87800022733 /* Frameworks */ = {
			isa = PBXFrameworksBuildPhase;
			buildActionMask = 2147483647;
			files = (
				D8F1F1CF69E120202213FBC0 /* Pods_MomentUITests.framework in Frameworks */,
			);
			runOnlyForDeploymentPostprocessing = 0;
		};
/* End PBXFrameworksBuildPhase section */

/* Begin PBXGroup section */
		004C09BD1D1CC87800022733 = {
			isa = PBXGroup;
			children = (
				004C09C81D1CC87800022733 /* Moment */,
				004C09DD1D1CC87800022733 /* MomentTests */,
				004C09E81D1CC87800022733 /* MomentUITests */,
				004C09C71D1CC87800022733 /* Products */,
				4E288B4002BA136491CB176D /* Pods */,
				E8189CFF773FA7DFE0743D5A /* Frameworks */,
			);
			sourceTree = "<group>";
		};
		004C09C71D1CC87800022733 /* Products */ = {
			isa = PBXGroup;
			children = (
				004C09C61D1CC87800022733 /* Moment.app */,
				004C09DA1D1CC87800022733 /* MomentTests.xctest */,
				004C09E51D1CC87800022733 /* MomentUITests.xctest */,
			);
			name = Products;
			sourceTree = "<group>";
		};
		004C09C81D1CC87800022733 /* Moment */ = {
			isa = PBXGroup;
			children = (
				004C09C91D1CC87800022733 /* AppDelegate.swift */,
				004C09CB1D1CC87800022733 /* ViewController.swift */,
				004C09CD1D1CC87800022733 /* Main.storyboard */,
				004C09D01D1CC87800022733 /* Assets.xcassets */,
				004C09D21D1CC87800022733 /* LaunchScreen.storyboard */,
				004C09D51D1CC87800022733 /* Info.plist */,
			);
			path = Moment;
			sourceTree = "<group>";
		};
		004C09DD1D1CC87800022733 /* MomentTests */ = {
			isa = PBXGroup;
			children = (
				004C09DE1D1CC87800022733 /* MomentTests.swift */,
				004C09E01D1CC87800022733 /* Info.plist */,
			);
			path = MomentTests;
			sourceTree = "<group>";
		};
		004C09E81D1CC87800022733 /* MomentUITests */ = {
			isa = PBXGroup;
			children = (
				004C09E91D1CC87800022733 /* MomentUITests.swift */,
				004C09EB1D1CC87800022733 /* Info.plist */,
			);
			path = MomentUITests;
			sourceTree = "<group>";
		};
		4E288B4002BA136491CB176D /* Pods */ = {
			isa = PBXGroup;
			children = (
				49E28C7C6B45DEAF5CC39669 /* Pods-Moment.debug.xcconfig */,
				D4982578AB97FA5BB90E7E28 /* Pods-Moment.release.xcconfig */,
				672371DF5654C4F3691F3FA1 /* Pods-MomentTests.debug.xcconfig */,
				463E4473DCBF6CB2AC575242 /* Pods-MomentTests.release.xcconfig */,
				89AE1A8AF918EE2FD6B9D886 /* Pods-MomentUITests.debug.xcconfig */,
				B085EFA210EC61402D448317 /* Pods-MomentUITests.release.xcconfig */,
			);
			name = Pods;
			sourceTree = "<group>";
		};
		E8189CFF773FA7DFE0743D5A /* Frameworks */ = {
			isa = PBXGroup;
			children = (
				A84A54047695A3EE3C59092C /* Pods_Moment.framework */,
				85889EC2E109986AB4E91724 /* Pods_MomentTests.framework */,
				593C41E96E188844C95AC312 /* Pods_MomentUITests.framework */,
			);
			name = Frameworks;
			sourceTree = "<group>";
		};
/* End PBXGroup section */

/* Begin PBXNativeTarget section */
		004C09C51D1CC87800022733 /* Moment */ = {
			isa = PBXNativeTarget;
			buildConfigurationList = 004C09EE1D1CC87800022733 /* Build configuration list for PBXNativeTarget "Moment" */;
			buildPhases = (
				E69F0AED0D8AAFD60C3F63CE /* [CP] Check Pods Manifest.lock */,
				004C09C21D1CC87800022733 /* Sources */,
				004C09C31D1CC87800022733 /* Frameworks */,
				004C09C41D1CC87800022733 /* Resources */,
				D4286E6C392FE9F4F7A10848 /* [CP] Embed Pods Frameworks */,
				7903DE6CC224592B502F37F3 /* [CP] Copy Pods Resources */,
			);
			buildRules = (
			);
			dependencies = (
			);
			name = Moment;
			productName = Moment;
			productReference = 004C09C61D1CC87800022733 /* Moment.app */;
			productType = "com.apple.product-type.application";
		};
		004C09D91D1CC87800022733 /* MomentTests */ = {
			isa = PBXNativeTarget;
			buildConfigurationList = 004C09F11D1CC87800022733 /* Build configuration list for PBXNativeTarget "MomentTests" */;
			buildPhases = (
				724B811235D434B7FDF78E6B /* [CP] Check Pods Manifest.lock */,
				004C09D61D1CC87800022733 /* Sources */,
				004C09D71D1CC87800022733 /* Frameworks */,
				004C09D81D1CC87800022733 /* Resources */,
				72D288892F24B64D6BD13DFB /* [CP] Embed Pods Frameworks */,
				CC4F0D12796ACBB668EAEA1F /* [CP] Copy Pods Resources */,
			);
			buildRules = (
			);
			dependencies = (
				004C09DC1D1CC87800022733 /* PBXTargetDependency */,
			);
			name = MomentTests;
			productName = MomentTests;
			productReference = 004C09DA1D1CC87800022733 /* MomentTests.xctest */;
			productType = "com.apple.product-type.bundle.unit-test";
		};
		004C09E41D1CC87800022733 /* MomentUITests */ = {
			isa = PBXNativeTarget;
			buildConfigurationList = 004C09F41D1CC87800022733 /* Build configuration list for PBXNativeTarget "MomentUITests" */;
			buildPhases = (
				E59C2C5A407E5BC20261BC59 /* [CP] Check Pods Manifest.lock */,
				004C09E11D1CC87800022733 /* Sources */,
				004C09E21D1CC87800022733 /* Frameworks */,
				004C09E31D1CC87800022733 /* Resources */,
				E94AC0FB1AEE44C4CE0751CD /* [CP] Copy Pods Resources */,
			);
			buildRules = (
			);
			dependencies = (
				004C09E71D1CC87800022733 /* PBXTargetDependency */,
			);
			name = MomentUITests;
			productName = MomentUITests;
			productReference = 004C09E51D1CC87800022733 /* MomentUITests.xctest */;
			productType = "com.apple.product-type.bundle.ui-testing";
		};
/* End PBXNativeTarget section */

/* Begin PBXProject section */
		004C09BE1D1CC87800022733 /* Project object */ = {
			isa = PBXProject;
			attributes = {
				LastSwiftUpdateCheck = 0720;
				LastUpgradeCheck = 0720;
				ORGANIZATIONNAME = "Raghav Kedia";
				TargetAttributes = {
					004C09C51D1CC87800022733 = {
						CreatedOnToolsVersion = 7.2.1;
						DevelopmentTeam = B228FQYESR;
					};
					004C09D91D1CC87800022733 = {
						CreatedOnToolsVersion = 7.2.1;
						DevelopmentTeam = B228FQYESR;
						TestTargetID = 004C09C51D1CC87800022733;
					};
					004C09E41D1CC87800022733 = {
						CreatedOnToolsVersion = 7.2.1;
						DevelopmentTeam = B228FQYESR;
						TestTargetID = 004C09C51D1CC87800022733;
					};
				};
			};
			buildConfigurationList = 004C09C11D1CC87800022733 /* Build configuration list for PBXProject "Moment" */;
			compatibilityVersion = "Xcode 3.2";
			developmentRegion = English;
			hasScannedForEncodings = 0;
			knownRegions = (
				en,
				Base,
			);
			mainGroup = 004C09BD1D1CC87800022733;
			productRefGroup = 004C09C71D1CC87800022733 /* Products */;
			projectDirPath = "";
			projectRoot = "";
			targets = (
				004C09C51D1CC87800022733 /* Moment */,
				004C09D91D1CC87800022733 /* MomentTests */,
				004C09E41D1CC87800022733 /* MomentUITests */,
			);
		};
/* End PBXProject section */

/* Begin PBXResourcesBuildPhase section */
		004C09C41D1CC87800022733 /* Resources */ = {
			isa = PBXResourcesBuildPhase;
			buildActionMask = 2147483647;
			files = (
				004C09D41D1CC87800022733 /* LaunchScreen.storyboard in Resources */,
				004C09D11D1CC87800022733 /* Assets.xcassets in Resources */,
				004C09CF1D1CC87800022733 /* Main.storyboard in Resources */,
			);
			runOnlyForDeploymentPostprocessing = 0;
		};
		004C09D81D1CC87800022733 /* Resources */ = {
			isa = PBXResourcesBuildPhase;
			buildActionMask = 2147483647;
			files = (
			);
			runOnlyForDeploymentPostprocessing = 0;
		};
		004C09E31D1CC87800022733 /* Resources */ = {
			isa = PBXResourcesBuildPhase;
			buildActionMask = 2147483647;
			files = (
			);
			runOnlyForDeploymentPostprocessing = 0;
		};
/* End PBXResourcesBuildPhase section */

/* Begin PBXShellScriptBuildPhase section */
		724B811235D434B7FDF78E6B /* [CP] Check Pods Manifest.lock */ = {
			isa = PBXShellScriptBuildPhase;
			buildActionMask = 2147483647;
			files = (
			);
			inputPaths = (
			);
			name = "[CP] Check Pods Manifest.lock";
			outputPaths = (
			);
			runOnlyForDeploymentPostprocessing = 0;
			shellPath = /bin/sh;
			shellScript = "diff \"${PODS_ROOT}/../Podfile.lock\" \"${PODS_ROOT}/Manifest.lock\" > /dev/null\nif [[ $? != 0 ]] ; then\n    cat << EOM\nerror: The sandbox is not in sync with the Podfile.lock. Run 'pod install' or update your CocoaPods installation.\nEOM\n    exit 1\nfi\n";
			showEnvVarsInLog = 0;
		};
		72D288892F24B64D6BD13DFB /* [CP] Embed Pods Frameworks */ = {
			isa = PBXShellScriptBuildPhase;
			buildActionMask = 2147483647;
			files = (
			);
			inputPaths = (
			);
			name = "[CP] Embed Pods Frameworks";
			outputPaths = (
			);
			runOnlyForDeploymentPostprocessing = 0;
			shellPath = /bin/sh;
			shellScript = "\"${SRCROOT}/Pods/Target Support Files/Pods-MomentTests/Pods-MomentTests-frameworks.sh\"\n";
			showEnvVarsInLog = 0;
		};
		7903DE6CC224592B502F37F3 /* [CP] Copy Pods Resources */ = {
			isa = PBXShellScriptBuildPhase;
			buildActionMask = 2147483647;
			files = (
			);
			inputPaths = (
			);
			name = "[CP] Copy Pods Resources";
			outputPaths = (
			);
			runOnlyForDeploymentPostprocessing = 0;
			shellPath = /bin/sh;
			shellScript = "\"${SRCROOT}/Pods/Target Support Files/Pods-Moment/Pods-Moment-resources.sh\"\n";
			showEnvVarsInLog = 0;
		};
		CC4F0D12796ACBB668EAEA1F /* [CP] Copy Pods Resources */ = {
			isa = PBXShellScriptBuildPhase;
			buildActionMask = 2147483647;
			files = (
			);
			inputPaths = (
			);
			name = "[CP] Copy Pods Resources";
			outputPaths = (
			);
			runOnlyForDeploymentPostprocessing = 0;
			shellPath = /bin/sh;
			shellScript = "\"${SRCROOT}/Pods/Target Support Files/Pods-MomentTests/Pods-MomentTests-resources.sh\"\n";
			showEnvVarsInLog = 0;
		};
		D4286E6C392FE9F4F7A10848 /* [CP] Embed Pods Frameworks */ = {
			isa = PBXShellScriptBuildPhase;
			buildActionMask = 2147483647;
			files = (
			);
			inputPaths = (
			);
			name = "[CP] Embed Pods Frameworks";
			outputPaths = (
			);
			runOnlyForDeploymentPostprocessing = 0;
			shellPath = /bin/sh;
			shellScript = "\"${SRCROOT}/Pods/Target Support Files/Pods-Moment/Pods-Moment-frameworks.sh\"\n";
			showEnvVarsInLog = 0;
		};
		E59C2C5A407E5BC20261BC59 /* [CP] Check Pods Manifest.lock */ = {
			isa = PBXShellScriptBuildPhase;
			buildActionMask = 2147483647;
			files = (
			);
			inputPaths = (
			);
			name = "[CP] Check Pods Manifest.lock";
			outputPaths = (
			);
			runOnlyForDeploymentPostprocessing = 0;
			shellPath = /bin/sh;
			shellScript = "diff \"${PODS_ROOT}/../Podfile.lock\" \"${PODS_ROOT}/Manifest.lock\" > /dev/null\nif [[ $? != 0 ]] ; then\n    cat << EOM\nerror: The sandbox is not in sync with the Podfile.lock. Run 'pod install' or update your CocoaPods installation.\nEOM\n    exit 1\nfi\n";
			showEnvVarsInLog = 0;
		};
		E69F0AED0D8AAFD60C3F63CE /* [CP] Check Pods Manifest.lock */ = {
			isa = PBXShellScriptBuildPhase;
			buildActionMask = 2147483647;
			files = (
			);
			inputPaths = (
			);
			name = "[CP] Check Pods Manifest.lock";
			outputPaths = (
			);
			runOnlyForDeploymentPostprocessing = 0;
			shellPath = /bin/sh;
			shellScript = "diff \"${PODS_ROOT}/../Podfile.lock\" \"${PODS_ROOT}/Manifest.lock\" > /dev/null\nif [[ $? != 0 ]] ; then\n    cat << EOM\nerror: The sandbox is not in sync with the Podfile.lock. Run 'pod install' or update your CocoaPods installation.\nEOM\n    exit 1\nfi\n";
			showEnvVarsInLog = 0;
		};
		E94AC0FB1AEE44C4CE0751CD /* [CP] Copy Pods Resources */ = {
			isa = PBXShellScriptBuildPhase;
			buildActionMask = 2147483647;
			files = (
			);
			inputPaths = (
			);
			name = "[CP] Copy Pods Resources";
			outputPaths = (
			);
			runOnlyForDeploymentPostprocessing = 0;
			shellPath = /bin/sh;
			shellScript = "\"${SRCROOT}/Pods/Target Support Files/Pods-MomentUITests/Pods-MomentUITests-resources.sh\"\n";
			showEnvVarsInLog = 0;
		};
/* End PBXShellScriptBuildPhase section */

/* Begin PBXSourcesBuildPhase section */
		004C09C21D1CC87800022733 /* Sources */ = {
			isa = PBXSourcesBuildPhase;
			buildActionMask = 2147483647;
			files = (
				004C09CC1D1CC87800022733 /* ViewController.swift in Sources */,
				004C09CA1D1CC87800022733 /* AppDelegate.swift in Sources */,
			);
			runOnlyForDeploymentPostprocessing = 0;
		};
		004C09D61D1CC87800022733 /* Sources */ = {
			isa = PBXSourcesBuildPhase;
			buildActionMask = 2147483647;
			files = (
				004C09DF1D1CC87800022733 /* MomentTests.swift in Sources */,
			);
			runOnlyForDeploymentPostprocessing = 0;
		};
		004C09E11D1CC87800022733 /* Sources */ = {
			isa = PBXSourcesBuildPhase;
			buildActionMask = 2147483647;
			files = (
				004C09EA1D1CC87800022733 /* MomentUITests.swift in Sources */,
			);
			runOnlyForDeploymentPostprocessing = 0;
		};
/* End PBXSourcesBuildPhase section */

/* Begin PBXTargetDependency section */
		004C09DC1D1CC87800022733 /* PBXTargetDependency */ = {
			isa = PBXTargetDependency;
			target = 004C09C51D1CC87800022733 /* Moment */;
			targetProxy = 004C09DB1D1CC87800022733 /* PBXContainerItemProxy */;
		};
		004C09E71D1CC87800022733 /* PBXTargetDependency */ = {
			isa = PBXTargetDependency;
			target = 004C09C51D1CC87800022733 /* Moment */;
			targetProxy = 004C09E61D1CC87800022733 /* PBXContainerItemProxy */;
		};
/* End PBXTargetDependency section */

/* Begin PBXVariantGroup section */
		004C09CD1D1CC87800022733 /* Main.storyboard */ = {
			isa = PBXVariantGroup;
			children = (
				004C09CE1D1CC87800022733 /* Base */,
			);
			name = Main.storyboard;
			sourceTree = "<group>";
		};
		004C09D21D1CC87800022733 /* LaunchScreen.storyboard */ = {
			isa = PBXVariantGroup;
			children = (
				004C09D31D1CC87800022733 /* Base */,
			);
			name = LaunchScreen.storyboard;
			sourceTree = "<group>";
		};
/* End PBXVariantGroup section */

/* Begin XCBuildConfiguration section */
		004C09EC1D1CC87800022733 /* Debug */ = {
			isa = XCBuildConfiguration;
			buildSettings = {
				ALWAYS_SEARCH_USER_PATHS = NO;
				CLANG_CXX_LANGUAGE_STANDARD = "gnu++0x";
				CLANG_CXX_LIBRARY = "libc++";
				CLANG_ENABLE_MODULES = YES;
				CLANG_ENABLE_OBJC_ARC = YES;
				CLANG_WARN_BOOL_CONVERSION = YES;
				CLANG_WARN_CONSTANT_CONVERSION = YES;
				CLANG_WARN_DIRECT_OBJC_ISA_USAGE = YES_ERROR;
				CLANG_WARN_EMPTY_BODY = YES;
				CLANG_WARN_ENUM_CONVERSION = YES;
				CLANG_WARN_INT_CONVERSION = YES;
				CLANG_WARN_OBJC_ROOT_CLASS = YES_ERROR;
				CLANG_WARN_UNREACHABLE_CODE = YES;
				CLANG_WARN__DUPLICATE_METHOD_MATCH = YES;
				"CODE_SIGN_IDENTITY[sdk=iphoneos*]" = "iPhone Developer";
				COPY_PHASE_STRIP = NO;
				DEBUG_INFORMATION_FORMAT = dwarf;
				ENABLE_STRICT_OBJC_MSGSEND = YES;
				ENABLE_TESTABILITY = YES;
				GCC_C_LANGUAGE_STANDARD = gnu99;
				GCC_DYNAMIC_NO_PIC = NO;
				GCC_NO_COMMON_BLOCKS = YES;
				GCC_OPTIMIZATION_LEVEL = 0;
				GCC_PREPROCESSOR_DEFINITIONS = (
					"DEBUG=1",
					"$(inherited)",
				);
				GCC_WARN_64_TO_32_BIT_CONVERSION = YES;
				GCC_WARN_ABOUT_RETURN_TYPE = YES_ERROR;
				GCC_WARN_UNDECLARED_SELECTOR = YES;
				GCC_WARN_UNINITIALIZED_AUTOS = YES_AGGRESSIVE;
				GCC_WARN_UNUSED_FUNCTION = YES;
				GCC_WARN_UNUSED_VARIABLE = YES;
				IPHONEOS_DEPLOYMENT_TARGET = 9.2;
				MTL_ENABLE_DEBUG_INFO = YES;
				ONLY_ACTIVE_ARCH = YES;
				SDKROOT = iphoneos;
				SWIFT_OPTIMIZATION_LEVEL = "-Onone";
				TARGETED_DEVICE_FAMILY = "1,2";
			};
			name = Debug;
		};
		004C09ED1D1CC87800022733 /* Release */ = {
			isa = XCBuildConfiguration;
			buildSettings = {
				ALWAYS_SEARCH_USER_PATHS = NO;
				CLANG_CXX_LANGUAGE_STANDARD = "gnu++0x";
				CLANG_CXX_LIBRARY = "libc++";
				CLANG_ENABLE_MODULES = YES;
				CLANG_ENABLE_OBJC_ARC = YES;
				CLANG_WARN_BOOL_CONVERSION = YES;
				CLANG_WARN_CONSTANT_CONVERSION = YES;
				CLANG_WARN_DIRECT_OBJC_ISA_USAGE = YES_ERROR;
				CLANG_WARN_EMPTY_BODY = YES;
				CLANG_WARN_ENUM_CONVERSION = YES;
				CLANG_WARN_INT_CONVERSION = YES;
				CLANG_WARN_OBJC_ROOT_CLASS = YES_ERROR;
				CLANG_WARN_UNREACHABLE_CODE = YES;
				CLANG_WARN__DUPLICATE_METHOD_MATCH = YES;
				"CODE_SIGN_IDENTITY[sdk=iphoneos*]" = "iPhone Developer";
				COPY_PHASE_STRIP = NO;
				DEBUG_INFORMATION_FORMAT = "dwarf-with-dsym";
				ENABLE_NS_ASSERTIONS = NO;
				ENABLE_STRICT_OBJC_MSGSEND = YES;
				GCC_C_LANGUAGE_STANDARD = gnu99;
				GCC_NO_COMMON_BLOCKS = YES;
				GCC_WARN_64_TO_32_BIT_CONVERSION = YES;
				GCC_WARN_ABOUT_RETURN_TYPE = YES_ERROR;
				GCC_WARN_UNDECLARED_SELECTOR = YES;
				GCC_WARN_UNINITIALIZED_AUTOS = YES_AGGRESSIVE;
				GCC_WARN_UNUSED_FUNCTION = YES;
				GCC_WARN_UNUSED_VARIABLE = YES;
				IPHONEOS_DEPLOYMENT_TARGET = 9.2;
				MTL_ENABLE_DEBUG_INFO = NO;
				SDKROOT = iphoneos;
				TARGETED_DEVICE_FAMILY = "1,2";
				VALIDATE_PRODUCT = YES;
			};
			name = Release;
		};
		004C09EF1D1CC87800022733 /* Debug */ = {
			isa = XCBuildConfiguration;
			baseConfigurationReference = 49E28C7C6B45DEAF5CC39669 /* Pods-Moment.debug.xcconfig */;
			buildSettings = {
				ASSETCATALOG_COMPILER_APPICON_NAME = AppIcon;
				INFOPLIST_FILE = Moment/Info.plist;
				LD_RUNPATH_SEARCH_PATHS = "$(inherited) @executable_path/Frameworks";
				PRODUCT_BUNDLE_IDENTIFIER = rkedia.Moment;
				PRODUCT_NAME = "$(TARGET_NAME)";
			};
			name = Debug;
		};
		004C09F01D1CC87800022733 /* Release */ = {
			isa = XCBuildConfiguration;
			baseConfigurationReference = D4982578AB97FA5BB90E7E28 /* Pods-Moment.release.xcconfig */;
			buildSettings = {
				ASSETCATALOG_COMPILER_APPICON_NAME = AppIcon;
				INFOPLIST_FILE = Moment/Info.plist;
				LD_RUNPATH_SEARCH_PATHS = "$(inherited) @executable_path/Frameworks";
				PRODUCT_BUNDLE_IDENTIFIER = rkedia.Moment;
				PRODUCT_NAME = "$(TARGET_NAME)";
			};
			name = Release;
		};
		004C09F21D1CC87800022733 /* Debug */ = {
			isa = XCBuildConfiguration;
			baseConfigurationReference = 672371DF5654C4F3691F3FA1 /* Pods-MomentTests.debug.xcconfig */;
			buildSettings = {
				BUNDLE_LOADER = "$(TEST_HOST)";
				INFOPLIST_FILE = MomentTests/Info.plist;
				LD_RUNPATH_SEARCH_PATHS = "$(inherited) @executable_path/Frameworks @loader_path/Frameworks";
				PRODUCT_BUNDLE_IDENTIFIER = rkedia.MomentTests;
				PRODUCT_NAME = "$(TARGET_NAME)";
				TEST_HOST = "$(BUILT_PRODUCTS_DIR)/Moment.app/Moment";
			};
			name = Debug;
		};
		004C09F31D1CC87800022733 /* Release */ = {
			isa = XCBuildConfiguration;
			baseConfigurationReference = 463E4473DCBF6CB2AC575242 /* Pods-MomentTests.release.xcconfig */;
			buildSettings = {
				BUNDLE_LOADER = "$(TEST_HOST)";
				INFOPLIST_FILE = MomentTests/Info.plist;
				LD_RUNPATH_SEARCH_PATHS = "$(inherited) @executable_path/Frameworks @loader_path/Frameworks";
				PRODUCT_BUNDLE_IDENTIFIER = rkedia.MomentTests;
				PRODUCT_NAME = "$(TARGET_NAME)";
				TEST_HOST = "$(BUILT_PRODUCTS_DIR)/Moment.app/Moment";
			};
			name = Release;
		};
		004C09F51D1CC87800022733 /* Debug */ = {
			isa = XCBuildConfiguration;
			baseConfigurationReference = 89AE1A8AF918EE2FD6B9D886 /* Pods-MomentUITests.debug.xcconfig */;
			buildSettings = {
				INFOPLIST_FILE = MomentUITests/Info.plist;
				LD_RUNPATH_SEARCH_PATHS = "$(inherited) @executable_path/Frameworks @loader_path/Frameworks";
				PRODUCT_BUNDLE_IDENTIFIER = rkedia.MomentUITests;
				PRODUCT_NAME = "$(TARGET_NAME)";
				TEST_TARGET_NAME = Moment;
				USES_XCTRUNNER = YES;
			};
			name = Debug;
		};
		004C09F61D1CC87800022733 /* Release */ = {
			isa = XCBuildConfiguration;
			baseConfigurationReference = B085EFA210EC61402D448317 /* Pods-MomentUITests.release.xcconfig */;
			buildSettings = {
				INFOPLIST_FILE = MomentUITests/Info.plist;
				LD_RUNPATH_SEARCH_PATHS = "$(inherited) @executable_path/Frameworks @loader_path/Frameworks";
				PRODUCT_BUNDLE_IDENTIFIER = rkedia.MomentUITests;
				PRODUCT_NAME = "$(TARGET_NAME)";
				TEST_TARGET_NAME = Moment;
				USES_XCTRUNNER = YES;
			};
			name = Release;
		};
/* End XCBuildConfiguration section */

/* Begin XCConfigurationList section */
		004C09C11D1CC87800022733 /* Build configuration list for PBXProject "Moment" */ = {
			isa = XCConfigurationList;
			buildConfigurations = (
				004C09EC1D1CC87800022733 /* Debug */,
				004C09ED1D1CC87800022733 /* Release */,
			);
			defaultConfigurationIsVisible = 0;
			defaultConfigurationName = Release;
		};
		004C09EE1D1CC87800022733 /* Build configuration list for PBXNativeTarget "Moment" */ = {
			isa = XCConfigurationList;
			buildConfigurations = (
				004C09EF1D1CC87800022733 /* Debug */,
				004C09F01D1CC87800022733 /* Release */,
			);
			defaultConfigurationIsVisible = 0;
			defaultConfigurationName = Release;
		};
		004C09F11D1CC87800022733 /* Build configuration list for PBXNativeTarget "MomentTests" */ = {
			isa = XCConfigurationList;
			buildConfigurations = (
				004C09F21D1CC87800022733 /* Debug */,
				004C09F31D1CC87800022733 /* Release */,
			);
			defaultConfigurationIsVisible = 0;
			defaultConfigurationName = Release;
		};
		004C09F41D1CC87800022733 /* Build configuration list for PBXNativeTarget "MomentUITests" */ = {
			isa = XCConfigurationList;
			buildConfigurations = (
				004C09F51D1CC87800022733 /* Debug */,
				004C09F61D1CC87800022733 /* Release */,
			);
			defaultConfigurationIsVisible = 0;
			defaultConfigurationName = Release;
		};
/* End XCConfigurationList section */
	};
	rootObject = 004C09BE1D1CC87800022733 /* Project object */;
}
